{
  "name": "sinxcosy",
  "version": "0.0.0",
  "lockfileVersion": 1,
  "requires": true,
  "dependencies": {
    "@babel/parser": {
      "version": "7.15.7",
      "resolved": "https://mirrors.tencent.com/npm/@babel%2fparser/-/parser-7.15.7.tgz",
      "integrity": "sha512-rycZXvQ+xS9QyIcJ9HXeDWf1uxqlbVFAUq0Rq0dbc50Zb/+wUe/ehyfzGfm9KZZF0kBejYgxltBXocP+gKdL2g=="
    },
    "@popperjs/core": {
      "version": "2.10.1",
      "resolved": "https://mirrors.tencent.com/npm/@popperjs%2fcore/-/core-2.10.1.tgz",
      "integrity": "sha512-HnUhk1Sy9IuKrxEMdIRCxpIqPw6BFsbYSEUO9p/hNw5sMld/+3OLMWQP80F8/db9qsv3qUjs7ZR5bS/R+iinXw=="
    },
    "@rollup/pluginutils": {
      "version": "4.1.1",
      "resolved": "https://mirrors.tencent.com/npm/@rollup%2fpluginutils/-/pluginutils-4.1.1.tgz",
      "integrity": "sha512-clDjivHqWGXi7u+0d2r2sBi4Ie6VLEAzWMIkvJLnDmxoOhBYOTfzGbOQBA32THHm11/LiJbd01tJUpJsbshSWQ==",
      "dev": true,
      "requires": {
        "estree-walker": "^2.0.1",
        "picomatch": "^2.2.2"
      }
    },
    "@tweenjs/tween.js": {
      "version": "18.6.4",
      "resolved": "https://mirrors.tencent.com/npm/@tweenjs%2ftween.js/-/tween.js-18.6.4.tgz",
      "integrity": "sha512-lB9lMjuqjtuJrx7/kOkqQBtllspPIN+96OvTCeJ2j5FEzinoAXTdAMFnDAQT1KVPRlnYfBrqxtqP66vDM40xxQ=="
    },
    "@vant/icons": {
      "version": "1.7.1",
      "resolved": "https://mirrors.tencent.com/npm/@vant%2ficons/-/icons-1.7.1.tgz",
      "integrity": "sha512-66LPEq89w4kl258nALZcRNd14eUJC8VajvTJwvZKOaZawz6CUeVZ6ybhedTUhQhRjeA8SyWD7dFt4ALf33Sabw=="
    },
    "@vant/lazyload": {
      "version": "1.3.0",
      "resolved": "https://mirrors.tencent.com/npm/@vant%2flazyload/-/lazyload-1.3.0.tgz",
      "integrity": "sha512-8LTRG0Pkk0SSbD1Au2rS8ivX63N40JCNn2wPrZeXztrDpwYXXxaZgkEhfu6hGSxrKBOBqvM3gCj47JXbFwq6WQ=="
    },
    "@vant/popperjs": {
      "version": "1.1.0",
      "resolved": "https://mirrors.tencent.com/npm/@vant%2fpopperjs/-/popperjs-1.1.0.tgz",
      "integrity": "sha512-8MD1gz146awV/uPxYjz4pet22f7a9YVKqk7T+gFkWFwT9mEcrIUEg/xPrdOnWKLP9puXyYtm7oVfSDSefZ/p/w==",
      "requires": {
        "@popperjs/core": "^2.9.2"
      }
    },
    "@vant/use": {
      "version": "1.3.1",
      "resolved": "https://mirrors.tencent.com/npm/@vant%2fuse/-/use-1.3.1.tgz",
      "integrity": "sha512-H4TX2Hfs3dN6VebTTJBhsleEGkyGxhTOG3rZ08YFsnxFBn0eJhJaxJJSNfkDOJnNr/QjITYRvZ8I/CdjV+IM0A=="
    },
    "@vitejs/plugin-vue": {
      "version": "1.9.2",
      "resolved": "https://mirrors.tencent.com/npm/@vitejs%2fplugin-vue/-/plugin-vue-1.9.2.tgz",
      "integrity": "sha512-QnUQJvGmY+YT9xTidLcjr6NAjKWNdSuul1M+BZ6uwTQaO5vpAY9USBncXESATk742dYMZGJenegJgeJhG/HMNQ==",
      "dev": true
    },
    "@vue/compiler-core": {
      "version": "3.2.19",
      "resolved": "https://mirrors.tencent.com/npm/@vue%2fcompiler-core/-/compiler-core-3.2.19.tgz",
      "integrity": "sha512-8dOPX0YOtaXol0Zf2cfLQ4NU/yHYl2H7DCKsLEZ7gdvPK6ZSEwGLJ7IdghhY2YEshEpC5RB9QKdC5I07z8Dtjg==",
      "requires": {
        "@babel/parser": "^7.15.0",
        "@vue/shared": "3.2.19",
        "estree-walker": "^2.0.2",
        "source-map": "^0.6.1"
      }
    },
    "@vue/compiler-dom": {
      "version": "3.2.19",
      "resolved": "https://mirrors.tencent.com/npm/@vue%2fcompiler-dom/-/compiler-dom-3.2.19.tgz",
      "integrity": "sha512-WzQoE8rfkFjPtIioc7SSgTsnz9g2oG61DU8KHnzPrRS7fW/lji6H2uCYJfp4Z6kZE8GjnHc1Ljwl3/gxDes0cw==",
      "requires": {
        "@vue/compiler-core": "3.2.19",
        "@vue/shared": "3.2.19"
      }
    },
    "@vue/compiler-sfc": {
      "version": "3.2.19",
      "resolved": "https://mirrors.tencent.com/npm/@vue%2fcompiler-sfc/-/compiler-sfc-3.2.19.tgz",
      "integrity": "sha512-pLlbgkO1UHTO02MSpa/sFOXUwIDxSMiKZ1ozE5n71CY4DM+YmI+G3gT/ZHZ46WBId7f3VTF/D8pGwMygcQbrQA==",
      "requires": {
        "@babel/parser": "^7.15.0",
        "@vue/compiler-core": "3.2.19",
        "@vue/compiler-dom": "3.2.19",
        "@vue/compiler-ssr": "3.2.19",
        "@vue/ref-transform": "3.2.19",
        "@vue/shared": "3.2.19",
        "estree-walker": "^2.0.2",
        "magic-string": "^0.25.7",
        "postcss": "^8.1.10",
        "source-map": "^0.6.1"
      }
    },
    "@vue/compiler-ssr": {
      "version": "3.2.19",
      "resolved": "https://mirrors.tencent.com/npm/@vue%2fcompiler-ssr/-/compiler-ssr-3.2.19.tgz",
      "integrity": "sha512-oLon0Cn3O7WEYzzmzZavGoqXH+199LT+smdjBT3Uf3UX4HwDNuBFCmvL0TsqV9SQnIgKvBRbQ7lhbpnd4lqM3w==",
      "requires": {
        "@vue/compiler-dom": "3.2.19",
        "@vue/shared": "3.2.19"
      }
    },
    "@vue/reactivity": {
      "version": "3.2.19",
      "resolved": "https://mirrors.tencent.com/npm/@vue%2freactivity/-/reactivity-3.2.19.tgz",
      "integrity": "sha512-FtachoYs2SnyrWup5UikP54xDX6ZJ1s5VgHcJp4rkGoutU3Ry61jhs+nCX7J64zjX992Mh9gGUC0LqTs8q9vCA==",
      "requires": {
        "@vue/shared": "3.2.19"
      }
    },
    "@vue/ref-transform": {
      "version": "3.2.19",
      "resolved": "https://mirrors.tencent.com/npm/@vue%2fref-transform/-/ref-transform-3.2.19.tgz",
      "integrity": "sha512-03wwUnoIAeKti5IGGx6Vk/HEBJ+zUcm5wrUM3+PQsGf7IYnXTbeIfHHpx4HeSeWhnLAjqZjADQwW8uA4rBmVbg==",
      "requires": {
        "@babel/parser": "^7.15.0",
        "@vue/compiler-core": "3.2.19",
        "@vue/shared": "3.2.19",
        "estree-walker": "^2.0.2",
        "magic-string": "^0.25.7"
      }
    },
    "@vue/runtime-core": {
      "version": "3.2.19",
      "resolved": "https://mirrors.tencent.com/npm/@vue%2fruntime-core/-/runtime-core-3.2.19.tgz",
      "integrity": "sha512-qArZSWKxWsgKfxk9BelZ32nY0MZ31CAW2kUUyVJyxh4cTfHaXGbjiQB5JgsvKc49ROMNffv9t3/qjasQqAH+RQ==",
      "requires": {
        "@vue/reactivity": "3.2.19",
        "@vue/shared": "3.2.19"
      }
    },
    "@vue/runtime-dom": {
      "version": "3.2.19",
      "resolved": "https://mirrors.tencent.com/npm/@vue%2fruntime-dom/-/runtime-dom-3.2.19.tgz",
      "integrity": "sha512-hIRboxXwafeHhbZEkZYNV0MiJXPNf4fP0X6hM2TJb0vssz8BKhD9cF92BkRgZztTQevecbhk0gu4uAPJ3dxL9A==",
      "requires": {
        "@vue/runtime-core": "3.2.19",
        "@vue/shared": "3.2.19",
        "csstype": "^2.6.8"
      }
    },
    "@vue/server-renderer": {
      "version": "3.2.19",
      "resolved": "https://mirrors.tencent.com/npm/@vue%2fserver-renderer/-/server-renderer-3.2.19.tgz",
      "integrity": "sha512-A9FNT7fgQJXItwdzWREntAgWKVtKYuXHBKGev/H4+ByTu8vB7gQXGcim01QxaJshdNg4dYuH2tEBZXCNCNx+/w==",
      "requires": {
        "@vue/compiler-ssr": "3.2.19",
        "@vue/shared": "3.2.19"
      }
    },
    "@vue/shared": {
      "version": "3.2.19",
      "resolved": "https://mirrors.tencent.com/npm/@vue%2fshared/-/shared-3.2.19.tgz",
      "integrity": "sha512-Knqhx7WieLdVgwCAZgTVrDCXZ50uItuecLh9JdLC8O+a5ayaSyIQYveUK3hCRNC7ws5zalHmZwfdLMGaS8r4Ew=="
    },
    "acorn": {
      "version": "7.4.1",
      "resolved": "https://mirrors.tencent.com/npm/acorn/-/acorn-7.4.1.tgz",
      "integrity": "sha512-nQyp0o1/mNdbTO1PO6kHkwSrmgZ0MT/jCCpNiwbUjGoRN4dlBhqJtoQuCnEOKzgTVwg0ZWiCoQy6SxMebQVh8A==",
      "dev": true
    },
    "acorn-jsx": {
      "version": "5.3.2",
      "resolved": "https://mirrors.tencent.com/npm/acorn-jsx/-/acorn-jsx-5.3.2.tgz",
      "integrity": "sha512-rq9s+JNhf0IChjtDXxllJ7g41oZk5SlXtp0LHwyA5cejwn7vKmKp4pPri6YEePv2PU65sAsegbXtIinmDFDXgQ==",
      "dev": true
    },
    "camel-case": {
      "version": "4.1.2",
      "resolved": "https://mirrors.tencent.com/npm/camel-case/-/camel-case-4.1.2.tgz",
      "integrity": "sha512-gxGWBrTT1JuMx6R+o5PTXMmUnhnVzLQ9SNutD4YqKtI6ap897t3tKECYla6gCWEkplXnlNybEkZg9GEGxKFCgw==",
      "dev": true,
      "requires": {
        "pascal-case": "^3.1.2",
        "tslib": "^2.0.3"
      },
      "dependencies": {
        "tslib": {
          "version": "2.3.1",
          "resolved": "https://mirrors.tencent.com/npm/tslib/-/tslib-2.3.1.tgz",
          "integrity": "sha512-77EbyPPpMz+FRFRuAFlWMtmgUWGe9UOG2Z25NqCwiIjRhOf5iKGuzSe5P2w1laq+FkRy4p+PCuVkJSGkzTEKVw==",
          "dev": true
        }
      }
    },
    "capital-case": {
      "version": "1.0.4",
      "resolved": "https://mirrors.tencent.com/npm/capital-case/-/capital-case-1.0.4.tgz",
      "integrity": "sha512-ds37W8CytHgwnhGGTi88pcPyR15qoNkOpYwmMMfnWqqWgESapLqvDx6huFjQ5vqWSn2Z06173XNA7LtMOeUh1A==",
      "dev": true,
      "requires": {
        "no-case": "^3.0.4",
        "tslib": "^2.0.3",
        "upper-case-first": "^2.0.2"
      },
      "dependencies": {
        "tslib": {
          "version": "2.3.1",
          "resolved": "https://mirrors.tencent.com/npm/tslib/-/tslib-2.3.1.tgz",
          "integrity": "sha512-77EbyPPpMz+FRFRuAFlWMtmgUWGe9UOG2Z25NqCwiIjRhOf5iKGuzSe5P2w1laq+FkRy4p+PCuVkJSGkzTEKVw==",
          "dev": true
        }
      }
    },
    "change-case": {
      "version": "4.1.2",
      "resolved": "https://mirrors.tencent.com/npm/change-case/-/change-case-4.1.2.tgz",
      "integrity": "sha512-bSxY2ws9OtviILG1EiY5K7NNxkqg/JnRnFxLtKQ96JaviiIxi7djMrSd0ECT9AC+lttClmYwKw53BWpOMblo7A==",
      "dev": true,
      "requires": {
        "camel-case": "^4.1.2",
        "capital-case": "^1.0.4",
        "constant-case": "^3.0.4",
        "dot-case": "^3.0.4",
        "header-case": "^2.0.4",
        "no-case": "^3.0.4",
        "param-case": "^3.0.4",
        "pascal-case": "^3.1.2",
        "path-case": "^3.0.4",
        "sentence-case": "^3.0.4",
        "snake-case": "^3.0.4",
        "tslib": "^2.0.3"
      },
      "dependencies": {
        "tslib": {
          "version": "2.3.1",
          "resolved": "https://mirrors.tencent.com/npm/tslib/-/tslib-2.3.1.tgz",
          "integrity": "sha512-77EbyPPpMz+FRFRuAFlWMtmgUWGe9UOG2Z25NqCwiIjRhOf5iKGuzSe5P2w1laq+FkRy4p+PCuVkJSGkzTEKVw==",
          "dev": true
        }
      }
    },
    "constant-case": {
      "version": "3.0.4",
      "resolved": "https://mirrors.tencent.com/npm/constant-case/-/constant-case-3.0.4.tgz",
      "integrity": "sha512-I2hSBi7Vvs7BEuJDr5dDHfzb/Ruj3FyvFyh7KLilAjNQw3Be+xgqUBA2W6scVEcL0hL1dwPRtIqEPVUCKkSsyQ==",
      "dev": true,
      "requires": {
        "no-case": "^3.0.4",
        "tslib": "^2.0.3",
        "upper-case": "^2.0.2"
      },
      "dependencies": {
        "tslib": {
          "version": "2.3.1",
          "resolved": "https://mirrors.tencent.com/npm/tslib/-/tslib-2.3.1.tgz",
          "integrity": "sha512-77EbyPPpMz+FRFRuAFlWMtmgUWGe9UOG2Z25NqCwiIjRhOf5iKGuzSe5P2w1laq+FkRy4p+PCuVkJSGkzTEKVw==",
          "dev": true
        }
      }
    },
    "copy-anything": {
      "version": "2.0.3",
      "resolved": "https://mirrors.tencent.com/npm/copy-anything/-/copy-anything-2.0.3.tgz",
      "integrity": "sha512-GK6QUtisv4fNS+XcI7shX0Gx9ORg7QqIznyfho79JTnX1XhLiyZHfftvGiziqzRiEi/Bjhgpi+D2o7HxJFPnDQ==",
      "dev": true,
      "requires": {
        "is-what": "^3.12.0"
      }
    },
    "csstype": {
      "version": "2.6.18",
      "resolved": "https://mirrors.tencent.com/npm/csstype/-/csstype-2.6.18.tgz",
      "integrity": "sha512-RSU6Hyeg14am3Ah4VZEmeX8H7kLwEEirXe6aU2IPfKNvhXwTflK5HQRDNI0ypQXoqmm+QPyG2IaPuQE5zMwSIQ=="
    },
    "debug": {
      "version": "4.3.2",
      "resolved": "https://mirrors.tencent.com/npm/debug/-/debug-4.3.2.tgz",
      "integrity": "sha512-mOp8wKcvj7XxC78zLgw/ZA+6TSgkoE2C/ienthhRD298T7UNwAg9diBpLRxC0mOezLl4B0xV7M0cCO6P/O0Xhw==",
      "dev": true,
      "requires": {
        "ms": "2.1.2"
      }
    },
    "decode-uri-component": {
      "version": "0.2.0",
      "resolved": "https://mirrors.tencent.com/npm/decode-uri-component/-/decode-uri-component-0.2.0.tgz",
      "integrity": "sha1-6zkTMzRYd1y4TNGh+uBiEGu4dUU="
    },
    "dot-case": {
      "version": "3.0.4",
      "resolved": "https://mirrors.tencent.com/npm/dot-case/-/dot-case-3.0.4.tgz",
      "integrity": "sha512-Kv5nKlh6yRrdrGvxeJ2e5y2eRUpkUosIW4A2AS38zwSz27zu7ufDwQPi5Jhs3XAlGNetl3bmnGhQsMtkKJnj3w==",
      "dev": true,
      "requires": {
        "no-case": "^3.0.4",
        "tslib": "^2.0.3"
      },
      "dependencies": {
        "tslib": {
          "version": "2.3.1",
          "resolved": "https://mirrors.tencent.com/npm/tslib/-/tslib-2.3.1.tgz",
          "integrity": "sha512-77EbyPPpMz+FRFRuAFlWMtmgUWGe9UOG2Z25NqCwiIjRhOf5iKGuzSe5P2w1laq+FkRy4p+PCuVkJSGkzTEKVw==",
          "dev": true
        }
      }
    },
    "errno": {
      "version": "0.1.8",
      "resolved": "https://mirrors.tencent.com/npm/errno/-/errno-0.1.8.tgz",
      "integrity": "sha512-dJ6oBr5SQ1VSd9qkk7ByRgb/1SH4JZjCHSW/mr63/QcXO9zLVxvJ6Oy13nio03rxpSnVDDjFor75SjVeZWPW/A==",
      "dev": true,
      "optional": true,
      "requires": {
        "prr": "~1.0.1"
      }
    },
    "es-module-lexer": {
      "version": "0.7.1",
      "resolved": "https://mirrors.tencent.com/npm/es-module-lexer/-/es-module-lexer-0.7.1.tgz",
      "integrity": "sha512-MgtWFl5No+4S3TmhDmCz2ObFGm6lEpTnzbQi+Dd+pw4mlTIZTmM2iAs5gRlmx5zS9luzobCSBSI90JM/1/JgOw==",
      "dev": true
    },
    "esbuild": {
      "version": "0.12.29",
      "resolved": "https://mirrors.tencent.com/npm/esbuild/-/esbuild-0.12.29.tgz",
      "integrity": "sha512-w/XuoBCSwepyiZtIRsKsetiLDUVGPVw1E/R3VTFSecIy8UR7Cq3SOtwKHJMFoVqqVG36aGkzh4e8BvpO1Fdc7g==",
      "dev": true
    },
    "eslint-plugin-vue": {
      "version": "7.18.0",
      "resolved": "https://mirrors.tencent.com/npm/eslint-plugin-vue/-/eslint-plugin-vue-7.18.0.tgz",
      "integrity": "sha512-ceDXlXYMMPMSXw7tdKUR42w9jlzthJGJ3Kvm3YrZ0zuQfvAySNxe8sm6VHuksBW0+060GzYXhHJG6IHVOfF83Q==",
      "dev": true,
      "requires": {
        "eslint-utils": "^2.1.0",
        "natural-compare": "^1.4.0",
        "semver": "^6.3.0",
        "vue-eslint-parser": "^7.10.0"
      }
    },
    "eslint-scope": {
      "version": "5.1.1",
      "resolved": "https://mirrors.tencent.com/npm/eslint-scope/-/eslint-scope-5.1.1.tgz",
      "integrity": "sha512-2NxwbF/hZ0KpepYN0cNbo+FN6XoK7GaHlQhgx/hIZl6Va0bF45RQOOwhLIy8lQDbuCiadSLCBnH2CFYquit5bw==",
      "dev": true,
      "requires": {
        "esrecurse": "^4.3.0",
        "estraverse": "^4.1.1"
      }
    },
    "eslint-utils": {
      "version": "2.1.0",
      "resolved": "https://mirrors.tencent.com/npm/eslint-utils/-/eslint-utils-2.1.0.tgz",
      "integrity": "sha512-w94dQYoauyvlDc43XnGB8lU3Zt713vNChgt4EWwhXAP2XkBvndfxF0AgIqKOOasjPIPzj9JqgwkwbCYD0/V3Zg==",
      "dev": true,
      "requires": {
        "eslint-visitor-keys": "^1.1.0"
      }
    },
    "eslint-visitor-keys": {
      "version": "1.3.0",
      "resolved": "https://mirrors.tencent.com/npm/eslint-visitor-keys/-/eslint-visitor-keys-1.3.0.tgz",
      "integrity": "sha512-6J72N8UNa462wa/KFODt/PJ3IU60SDpC3QXC1Hjc1BXXpfL2C9R5+AU7jhe0F6GREqVMh4Juu+NY7xn+6dipUQ==",
      "dev": true
    },
    "espree": {
      "version": "6.2.1",
      "resolved": "https://mirrors.tencent.com/npm/espree/-/espree-6.2.1.tgz",
      "integrity": "sha512-ysCxRQY3WaXJz9tdbWOwuWr5Y/XrPTGX9Kiz3yoUXwW0VZ4w30HTkQLaGx/+ttFjF8i+ACbArnB4ce68a9m5hw==",
      "dev": true,
      "requires": {
        "acorn": "^7.1.1",
        "acorn-jsx": "^5.2.0",
        "eslint-visitor-keys": "^1.1.0"
      }
    },
    "esquery": {
      "version": "1.4.0",
      "resolved": "https://mirrors.tencent.com/npm/esquery/-/esquery-1.4.0.tgz",
      "integrity": "sha512-cCDispWt5vHHtwMY2YrAQ4ibFkAL8RbH5YGBnZBc90MolvvfkkQcJro/aZiAQUlQ3qgrYS6D6v8Gc5G5CQsc9w==",
      "dev": true,
      "requires": {
        "estraverse": "^5.1.0"
      },
      "dependencies": {
        "estraverse": {
          "version": "5.2.0",
          "resolved": "https://mirrors.tencent.com/npm/estraverse/-/estraverse-5.2.0.tgz",
          "integrity": "sha512-BxbNGGNm0RyRYvUdHpIwv9IWzeM9XClbOxwoATuFdOE7ZE6wHL+HQ5T8hoPM+zHvmKzzsEqhgy0GrQ5X13afiQ==",
          "dev": true
        }
      }
    },
    "esrecurse": {
      "version": "4.3.0",
      "resolved": "https://mirrors.tencent.com/npm/esrecurse/-/esrecurse-4.3.0.tgz",
      "integrity": "sha512-KmfKL3b6G+RXvP8N1vr3Tq1kL/oCFgn2NYXEtqP8/L3pKapUA4G8cFVaoF3SU323CD4XypR/ffioHmkti6/Tag==",
      "dev": true,
      "requires": {
        "estraverse": "^5.2.0"
      },
      "dependencies": {
        "estraverse": {
          "version": "5.2.0",
          "resolved": "https://mirrors.tencent.com/npm/estraverse/-/estraverse-5.2.0.tgz",
          "integrity": "sha512-BxbNGGNm0RyRYvUdHpIwv9IWzeM9XClbOxwoATuFdOE7ZE6wHL+HQ5T8hoPM+zHvmKzzsEqhgy0GrQ5X13afiQ==",
          "dev": true
        }
      }
    },
    "estraverse": {
      "version": "4.3.0",
      "resolved": "https://mirrors.tencent.com/npm/estraverse/-/estraverse-4.3.0.tgz",
      "integrity": "sha512-39nnKffWz8xN1BU/2c79n9nB9HDzo0niYUqx6xyqUnyoAnQyyWpOTdZEeiCch8BBu515t4wp9ZmgVfVhn9EBpw==",
      "dev": true
    },
    "estree-walker": {
      "version": "2.0.2",
      "resolved": "https://mirrors.tencent.com/npm/estree-walker/-/estree-walker-2.0.2.tgz",
      "integrity": "sha512-Rfkk/Mp/DL7JVje3u18FxFujQlTNR2q6QfMSMB7AvCBx91NGj/ba3kCfza0f6dVDbw7YlRf/nDrn7pQrCCyQ/w=="
    },
    "filter-obj": {
      "version": "1.1.0",
      "resolved": "https://mirrors.tencent.com/npm/filter-obj/-/filter-obj-1.1.0.tgz",
      "integrity": "sha1-mzERErxsYSehbgFsbF1/GeCAXFs="
    },
    "fsevents": {
      "version": "2.3.2",
      "resolved": "https://mirrors.tencent.com/npm/fsevents/-/fsevents-2.3.2.tgz",
      "integrity": "sha512-xiqMQR4xAeHTuB9uWm+fFRcIOgKBMiOBP+eXiyT7jsgVCq1bkVygt00oASowB7EdtpOHaaPgKt812P9ab+DDKA==",
      "dev": true,
      "optional": true
    },
    "function-bind": {
      "version": "1.1.1",
      "resolved": "https://mirrors.tencent.com/npm/function-bind/-/function-bind-1.1.1.tgz",
      "integrity": "sha512-yIovAzMX49sF8Yl58fSCWJ5svSLuaibPxXQJFLmBObTuCr0Mf1KiPopGM9NiFjiYBCbfaa2Fh6breQ6ANVTI0A==",
      "dev": true
    },
    "graceful-fs": {
      "version": "4.2.8",
      "resolved": "https://mirrors.tencent.com/npm/graceful-fs/-/graceful-fs-4.2.8.tgz",
      "integrity": "sha512-qkIilPUYcNhJpd33n0GBXTB1MMPp14TxEsEs0pTrsSVucApsYzW5V+Q8Qxhik6KU3evy+qkAAowTByymK0avdg==",
      "dev": true,
      "optional": true
    },
    "has": {
      "version": "1.0.3",
      "resolved": "https://mirrors.tencent.com/npm/has/-/has-1.0.3.tgz",
      "integrity": "sha512-f2dvO0VU6Oej7RkWJGrehjbzMAjFp5/VKPp5tTpWIV4JHHZK1/BxbFRtf/siA2SWTe09caDmVtYYzWEIbBS4zw==",
      "dev": true,
      "requires": {
        "function-bind": "^1.1.1"
      }
    },
    "header-case": {
      "version": "2.0.4",
      "resolved": "https://mirrors.tencent.com/npm/header-case/-/header-case-2.0.4.tgz",
      "integrity": "sha512-H/vuk5TEEVZwrR0lp2zed9OCo1uAILMlx0JEMgC26rzyJJ3N1v6XkwHHXJQdR2doSjcGPM6OKPYoJgf0plJ11Q==",
      "dev": true,
      "requires": {
        "capital-case": "^1.0.4",
        "tslib": "^2.0.3"
      },
      "dependencies": {
        "tslib": {
          "version": "2.3.1",
          "resolved": "https://mirrors.tencent.com/npm/tslib/-/tslib-2.3.1.tgz",
          "integrity": "sha512-77EbyPPpMz+FRFRuAFlWMtmgUWGe9UOG2Z25NqCwiIjRhOf5iKGuzSe5P2w1laq+FkRy4p+PCuVkJSGkzTEKVw==",
          "dev": true
        }
      }
    },
    "iconv-lite": {
      "version": "0.4.24",
      "resolved": "https://mirrors.tencent.com/npm/iconv-lite/-/iconv-lite-0.4.24.tgz",
      "integrity": "sha512-v3MXnZAcvnywkTUEZomIActle7RXXeedOR31wwl7VlyoXO4Qi9arvSenNQWne1TcRwhCL1HwLI21bEqdpj8/rA==",
      "dev": true,
      "optional": true,
      "requires": {
        "safer-buffer": ">= 2.1.2 < 3"
      }
    },
    "image-size": {
      "version": "0.5.5",
      "resolved": "https://mirrors.tencent.com/npm/image-size/-/image-size-0.5.5.tgz",
      "integrity": "sha1-Cd/Uq50g4p6xw+gLiZA3jfnjy5w=",
      "dev": true,
      "optional": true
    },
    "is-core-module": {
      "version": "2.6.0",
      "resolved": "https://mirrors.tencent.com/npm/is-core-module/-/is-core-module-2.6.0.tgz",
      "integrity": "sha512-wShG8vs60jKfPWpF2KZRaAtvt3a20OAn7+IJ6hLPECpSABLcKtFKTTI4ZtH5QcBruBHlq+WsdHWyz0BCZW7svQ==",
      "dev": true,
      "requires": {
        "has": "^1.0.3"
      }
    },
    "is-what": {
      "version": "3.14.1",
      "resolved": "https://mirrors.tencent.com/npm/is-what/-/is-what-3.14.1.tgz",
      "integrity": "sha512-sNxgpk9793nzSs7bA6JQJGeIuRBQhAaNGG77kzYQgMkrID+lS6SlK07K5LaptscDlSaIgH+GPFzf+d75FVxozA==",
      "dev": true
    },
    "less": {
      "version": "4.1.1",
      "resolved": "https://mirrors.tencent.com/npm/less/-/less-4.1.1.tgz",
      "integrity": "sha512-w09o8tZFPThBscl5d0Ggp3RcrKIouBoQscnOMgFH3n5V3kN/CXGHNfCkRPtxJk6nKryDXaV9aHLK55RXuH4sAw==",
      "dev": true,
      "requires": {
        "copy-anything": "^2.0.1",
        "errno": "^0.1.1",
        "graceful-fs": "^4.1.2",
        "image-size": "~0.5.0",
        "make-dir": "^2.1.0",
        "mime": "^1.4.1",
        "needle": "^2.5.2",
        "parse-node-version": "^1.0.1",
        "source-map": "~0.6.0",
        "tslib": "^1.10.0"
      }
    },
    "lodash": {
      "version": "4.17.21",
      "resolved": "https://mirrors.tencent.com/npm/lodash/-/lodash-4.17.21.tgz",
      "integrity": "sha512-v2kDEe57lecTulaDIuNTPy3Ry4gLGJ6Z1O3vE1krgXZNrsQ+LFTGHVxVjcXPs17LhbZVGedAJv8XZ1tvj5FvSg=="
    },
    "lower-case": {
      "version": "2.0.2",
      "resolved": "https://mirrors.tencent.com/npm/lower-case/-/lower-case-2.0.2.tgz",
      "integrity": "sha512-7fm3l3NAF9WfN6W3JOmf5drwpVqX78JtoGJ3A6W0a6ZnldM41w2fV5D490psKFTpMds8TJse/eHLFFsNHHjHgg==",
      "dev": true,
      "requires": {
        "tslib": "^2.0.3"
      },
      "dependencies": {
        "tslib": {
          "version": "2.3.1",
          "resolved": "https://mirrors.tencent.com/npm/tslib/-/tslib-2.3.1.tgz",
          "integrity": "sha512-77EbyPPpMz+FRFRuAFlWMtmgUWGe9UOG2Z25NqCwiIjRhOf5iKGuzSe5P2w1laq+FkRy4p+PCuVkJSGkzTEKVw==",
          "dev": true
        }
      }
    },
    "magic-string": {
      "version": "0.25.7",
      "resolved": "https://mirrors.tencent.com/npm/magic-string/-/magic-string-0.25.7.tgz",
      "integrity": "sha512-4CrMT5DOHTDk4HYDlzmwu4FVCcIYI8gauveasrdCu2IKIFOJ3f0v/8MDGJCDL9oD2ppz/Av1b0Nj345H9M+XIA==",
      "requires": {
        "sourcemap-codec": "^1.4.4"
      }
    },
    "make-dir": {
      "version": "2.1.0",
      "resolved": "https://mirrors.tencent.com/npm/make-dir/-/make-dir-2.1.0.tgz",
      "integrity": "sha512-LS9X+dc8KLxXCb8dni79fLIIUA5VyZoyjSMCwTluaXA0o27cCK0bhXkpgw+sTXVpPy/lSO57ilRixqk0vDmtRA==",
      "dev": true,
      "optional": true,
      "requires": {
        "pify": "^4.0.1",
        "semver": "^5.6.0"
      },
      "dependencies": {
        "semver": {
          "version": "5.7.1",
          "resolved": "https://mirrors.tencent.com/npm/semver/-/semver-5.7.1.tgz",
          "integrity": "sha512-sauaDf/PZdVgrLTNYHRtpXa1iRiKcaebiKQ1BJdpQlWH2lCvexQdX55snPFyK7QzpudqbCI0qXFfOasHdyNDGQ==",
          "dev": true,
          "optional": true
        }
      }
    },
    "mime": {
      "version": "1.6.0",
      "resolved": "https://mirrors.tencent.com/npm/mime/-/mime-1.6.0.tgz",
      "integrity": "sha512-x0Vn8spI+wuJ1O6S7gnbaQg8Pxh4NNHb7KSINmEWKiPE4RKOplvijn+NkmYmmRgP68mc70j2EbeTFRsrswaQeg==",
      "dev": true,
      "optional": true
    },
    "mitt": {
      "version": "2.1.0",
      "resolved": "https://mirrors.tencent.com/npm/mitt/-/mitt-2.1.0.tgz",
      "integrity": "sha512-ILj2TpLiysu2wkBbWjAmww7TkZb65aiQO+DkVdUTBpBXq+MHYiETENkKFMtsJZX1Lf4pe4QOrTSjIfUwN5lRdg=="
    },
    "ms": {
      "version": "2.1.2",
      "resolved": "https://mirrors.tencent.com/npm/ms/-/ms-2.1.2.tgz",
      "integrity": "sha512-sGkPx+VjMtmA6MX27oA4FBFELFCZZ4S4XqeGOXCv68tT+jb3vk/RyaKWP0PTKyWtmLSM0b+adUTEvbs1PEaH2w==",
      "dev": true
    },
    "nanocolors": {
      "version": "0.2.10",
      "resolved": "https://mirrors.tencent.com/npm/nanocolors/-/nanocolors-0.2.10.tgz",
      "integrity": "sha512-i+EDWGsJClQwR/bhLIG/CObZZwaYaS5qt+yjxZbfV+77QiNHNzE9nj4d9Ut1TGZ0R0eSwPcQWzReASzXuw/7oA=="
    },
    "nanoid": {
      "version": "3.1.28",
      "resolved": "https://mirrors.tencent.com/npm/nanoid/-/nanoid-3.1.28.tgz",
      "integrity": "sha512-gSu9VZ2HtmoKYe/lmyPFES5nknFrHa+/DT9muUFWFMi6Jh9E1I7bkvlQ8xxf1Kos9pi9o8lBnIOkatMhKX/YUw=="
    },
    "natural-compare": {
      "version": "1.4.0",
      "resolved": "https://mirrors.tencent.com/npm/natural-compare/-/natural-compare-1.4.0.tgz",
      "integrity": "sha1-Sr6/7tdUHywnrPspvbvRXI1bpPc=",
      "dev": true
    },
    "needle": {
      "version": "2.9.1",
      "resolved": "https://mirrors.tencent.com/npm/needle/-/needle-2.9.1.tgz",
      "integrity": "sha512-6R9fqJ5Zcmf+uYaFgdIHmLwNldn5HbK8L5ybn7Uz+ylX/rnOsSp1AHcvQSrCaFN+qNM1wpymHqD7mVasEOlHGQ==",
      "dev": true,
      "optional": true,
      "requires": {
        "debug": "^3.2.6",
        "iconv-lite": "^0.4.4",
        "sax": "^1.2.4"
      },
      "dependencies": {
        "debug": {
          "version": "3.2.7",
          "resolved": "https://mirrors.tencent.com/npm/debug/-/debug-3.2.7.tgz",
          "integrity": "sha512-CFjzYYAi4ThfiQvizrFQevTTXHtnCqWfe7x1AhgEscTz6ZbLbfoLRLPugTQyBth6f8ZERVUSyWHFD/7Wu4t1XQ==",
          "dev": true,
          "optional": true,
          "requires": {
            "ms": "^2.1.1"
          }
        }
      }
    },
    "no-case": {
      "version": "3.0.4",
      "resolved": "https://mirrors.tencent.com/npm/no-case/-/no-case-3.0.4.tgz",
      "integrity": "sha512-fgAN3jGAh+RoxUGZHTSOLJIqUc2wmoBwGR4tbpNAKmmovFoWq0OdRkb0VkldReO2a2iBT/OEulG9XSUc10r3zg==",
      "dev": true,
      "requires": {
        "lower-case": "^2.0.2",
        "tslib": "^2.0.3"
      },
      "dependencies": {
        "tslib": {
          "version": "2.3.1",
          "resolved": "https://mirrors.tencent.com/npm/tslib/-/tslib-2.3.1.tgz",
          "integrity": "sha512-77EbyPPpMz+FRFRuAFlWMtmgUWGe9UOG2Z25NqCwiIjRhOf5iKGuzSe5P2w1laq+FkRy4p+PCuVkJSGkzTEKVw==",
          "dev": true
        }
      }
    },
    "param-case": {
      "version": "3.0.4",
      "resolved": "https://mirrors.tencent.com/npm/param-case/-/param-case-3.0.4.tgz",
      "integrity": "sha512-RXlj7zCYokReqWpOPH9oYivUzLYZ5vAPIfEmCTNViosC78F8F0H9y7T7gG2M39ymgutxF5gcFEsyZQSph9Bp3A==",
      "dev": true,
      "requires": {
        "dot-case": "^3.0.4",
        "tslib": "^2.0.3"
      },
      "dependencies": {
        "tslib": {
          "version": "2.3.1",
          "resolved": "https://mirrors.tencent.com/npm/tslib/-/tslib-2.3.1.tgz",
          "integrity": "sha512-77EbyPPpMz+FRFRuAFlWMtmgUWGe9UOG2Z25NqCwiIjRhOf5iKGuzSe5P2w1laq+FkRy4p+PCuVkJSGkzTEKVw==",
          "dev": true
        }
      }
    },
    "parse-node-version": {
      "version": "1.0.1",
      "resolved": "https://mirrors.tencent.com/npm/parse-node-version/-/parse-node-version-1.0.1.tgz",
      "integrity": "sha512-3YHlOa/JgH6Mnpr05jP9eDG254US9ek25LyIxZlDItp2iJtwyaXQb57lBYLdT3MowkUFYEV2XXNAYIPlESvJlA==",
      "dev": true
    },
    "pascal-case": {
      "version": "3.1.2",
      "resolved": "https://mirrors.tencent.com/npm/pascal-case/-/pascal-case-3.1.2.tgz",
      "integrity": "sha512-uWlGT3YSnK9x3BQJaOdcZwrnV6hPpd8jFH1/ucpiLRPh/2zCVJKS19E4GvYHvaCcACn3foXZ0cLB9Wrx1KGe5g==",
      "dev": true,
      "requires": {
        "no-case": "^3.0.4",
        "tslib": "^2.0.3"
      },
      "dependencies": {
        "tslib": {
          "version": "2.3.1",
          "resolved": "https://mirrors.tencent.com/npm/tslib/-/tslib-2.3.1.tgz",
          "integrity": "sha512-77EbyPPpMz+FRFRuAFlWMtmgUWGe9UOG2Z25NqCwiIjRhOf5iKGuzSe5P2w1laq+FkRy4p+PCuVkJSGkzTEKVw==",
          "dev": true
        }
      }
    },
    "path-case": {
      "version": "3.0.4",
      "resolved": "https://mirrors.tencent.com/npm/path-case/-/path-case-3.0.4.tgz",
      "integrity": "sha512-qO4qCFjXqVTrcbPt/hQfhTQ+VhFsqNKOPtytgNKkKxSoEp3XPUQ8ObFuePylOIok5gjn69ry8XiULxCwot3Wfg==",
      "dev": true,
      "requires": {
        "dot-case": "^3.0.4",
        "tslib": "^2.0.3"
      },
      "dependencies": {
        "tslib": {
          "version": "2.3.1",
          "resolved": "https://mirrors.tencent.com/npm/tslib/-/tslib-2.3.1.tgz",
          "integrity": "sha512-77EbyPPpMz+FRFRuAFlWMtmgUWGe9UOG2Z25NqCwiIjRhOf5iKGuzSe5P2w1laq+FkRy4p+PCuVkJSGkzTEKVw==",
          "dev": true
        }
      }
    },
    "path-parse": {
      "version": "1.0.7",
      "resolved": "https://mirrors.tencent.com/npm/path-parse/-/path-parse-1.0.7.tgz",
      "integrity": "sha512-LDJzPVEEEPR+y48z93A0Ed0yXb8pAByGWo/k5YYdYgpY2/2EsOsksJrq7lOHxryrVOn1ejG6oAp8ahvOIQD8sw==",
      "dev": true
    },
    "picomatch": {
      "version": "2.3.0",
      "resolved": "https://mirrors.tencent.com/npm/picomatch/-/picomatch-2.3.0.tgz",
      "integrity": "sha512-lY1Q/PiJGC2zOv/z391WOTD+Z02bCgsFfvxoXXf6h7kv9o+WmsmzYqrAwY63sNgOxE4xEdq0WyUnXfKeBrSvYw==",
      "dev": true
    },
    "pify": {
      "version": "4.0.1",
      "resolved": "https://mirrors.tencent.com/npm/pify/-/pify-4.0.1.tgz",
      "integrity": "sha512-uB80kBFb/tfd68bVleG9T5GGsGPjJrLAUpR5PZIrhBnIaRTQRjqdJSsIKkOP6OAIFbj7GOrcudc5pNjZ+geV2g==",
      "dev": true,
      "optional": true
    },
    "postcss": {
      "version": "8.3.8",
      "resolved": "https://mirrors.tencent.com/npm/postcss/-/postcss-8.3.8.tgz",
      "integrity": "sha512-GT5bTjjZnwDifajzczOC+r3FI3Cu+PgPvrsjhQdRqa2kTJ4968/X9CUce9xttIB0xOs5c6xf0TCWZo/y9lF6bA==",
      "requires": {
        "nanocolors": "^0.2.2",
        "nanoid": "^3.1.25",
        "source-map-js": "^0.6.2"
      }
    },
    "prr": {
      "version": "1.0.1",
      "resolved": "https://mirrors.tencent.com/npm/prr/-/prr-1.0.1.tgz",
      "integrity": "sha1-0/wRS6BplaRexok/SEzrHXj19HY=",
      "dev": true,
      "optional": true
    },
    "query-string": {
      "version": "7.0.1",
      "resolved": "https://mirrors.tencent.com/npm/query-string/-/query-string-7.0.1.tgz",
      "integrity": "sha512-uIw3iRvHnk9to1blJCG3BTc+Ro56CBowJXKmNNAm3RulvPBzWLRqKSiiDk+IplJhsydwtuNMHi8UGQFcCLVfkA==",
      "requires": {
        "decode-uri-component": "^0.2.0",
        "filter-obj": "^1.1.0",
        "split-on-first": "^1.0.0",
        "strict-uri-encode": "^2.0.0"
      }
    },
    "resolve": {
      "version": "1.20.0",
      "resolved": "https://mirrors.tencent.com/npm/resolve/-/resolve-1.20.0.tgz",
      "integrity": "sha512-wENBPt4ySzg4ybFQW2TT1zMQucPK95HSh/nq2CFTZVOGut2+pQvSsgtda4d26YrYcr067wjbmzOG8byDPBX63A==",
      "dev": true,
      "requires": {
        "is-core-module": "^2.2.0",
        "path-parse": "^1.0.6"
      }
    },
    "rollup": {
      "version": "2.57.0",
      "resolved": "https://mirrors.tencent.com/npm/rollup/-/rollup-2.57.0.tgz",
      "integrity": "sha512-bKQIh1rWKofRee6mv8SrF2HdP6pea5QkwBZSMImJysFj39gQuiV8MEPBjXOCpzk3wSYp63M2v2wkWBmFC8O/rg==",
      "dev": true,
      "requires": {
        "fsevents": "~2.3.2"
      }
    },
    "safer-buffer": {
      "version": "2.1.2",
      "resolved": "https://mirrors.tencent.com/npm/safer-buffer/-/safer-buffer-2.1.2.tgz",
      "integrity": "sha512-YZo3K82SD7Riyi0E1EQPojLz7kpepnSQI9IyPbHHg1XXXevb5dJI7tpyN2ADxGcQbHG7vcyRHk0cbwqcQriUtg==",
      "dev": true,
      "optional": true
    },
    "sax": {
      "version": "1.2.4",
      "resolved": "https://mirrors.tencent.com/npm/sax/-/sax-1.2.4.tgz",
      "integrity": "sha512-NqVDv9TpANUjFm0N8uM5GxL36UgKi9/atZw+x7YFnQ8ckwFGKrl4xX4yWtrey3UJm5nP1kUbnYgLopqWNSRhWw==",
      "dev": true,
      "optional": true
    },
    "semver": {
      "version": "6.3.0",
      "resolved": "https://mirrors.tencent.com/npm/semver/-/semver-6.3.0.tgz",
      "integrity": "sha512-b39TBaTSfV6yBrapU89p5fKekE2m/NwnDocOVruQFS1/veMgdzuPcnOM34M6CwxW8jH/lxEa5rBoDeUwu5HHTw==",
      "dev": true
    },
    "sentence-case": {
      "version": "3.0.4",
      "resolved": "https://mirrors.tencent.com/npm/sentence-case/-/sentence-case-3.0.4.tgz",
      "integrity": "sha512-8LS0JInaQMCRoQ7YUytAo/xUu5W2XnQxV2HI/6uM6U7CITS1RqPElr30V6uIqyMKM9lJGRVFy5/4CuzcixNYSg==",
      "dev": true,
      "requires": {
        "no-case": "^3.0.4",
        "tslib": "^2.0.3",
        "upper-case-first": "^2.0.2"
      },
      "dependencies": {
        "tslib": {
          "version": "2.3.1",
          "resolved": "https://mirrors.tencent.com/npm/tslib/-/tslib-2.3.1.tgz",
          "integrity": "sha512-77EbyPPpMz+FRFRuAFlWMtmgUWGe9UOG2Z25NqCwiIjRhOf5iKGuzSe5P2w1laq+FkRy4p+PCuVkJSGkzTEKVw==",
          "dev": true
        }
      }
    },
    "snake-case": {
      "version": "3.0.4",
      "resolved": "https://mirrors.tencent.com/npm/snake-case/-/snake-case-3.0.4.tgz",
      "integrity": "sha512-LAOh4z89bGQvl9pFfNF8V146i7o7/CqFPbqzYgP+yYzDIDeS9HaNFtXABamRW+AQzEVODcvE79ljJ+8a9YSdMg==",
      "dev": true,
      "requires": {
        "dot-case": "^3.0.4",
        "tslib": "^2.0.3"
      },
      "dependencies": {
        "tslib": {
          "version": "2.3.1",
          "resolved": "https://mirrors.tencent.com/npm/tslib/-/tslib-2.3.1.tgz",
          "integrity": "sha512-77EbyPPpMz+FRFRuAFlWMtmgUWGe9UOG2Z25NqCwiIjRhOf5iKGuzSe5P2w1laq+FkRy4p+PCuVkJSGkzTEKVw==",
          "dev": true
        }
      }
    },
    "source-map": {
      "version": "0.6.1",
      "resolved": "https://mirrors.tencent.com/npm/source-map/-/source-map-0.6.1.tgz",
      "integrity": "sha512-UjgapumWlbMhkBgzT7Ykc5YXUT46F0iKu8SGXq0bcwP5dz/h0Plj6enJqjz1Zbq2l5WaqYnrVbwWOWMyF3F47g=="
    },
    "source-map-js": {
      "version": "0.6.2",
      "resolved": "https://mirrors.tencent.com/npm/source-map-js/-/source-map-js-0.6.2.tgz",
      "integrity": "sha512-/3GptzWzu0+0MBQFrDKzw/DvvMTUORvgY6k6jd/VS6iCR4RDTKWH6v6WPwQoUO8667uQEf9Oe38DxAYWY5F/Ug=="
    },
    "sourcemap-codec": {
      "version": "1.4.8",
      "resolved": "https://mirrors.tencent.com/npm/sourcemap-codec/-/sourcemap-codec-1.4.8.tgz",
      "integrity": "sha512-9NykojV5Uih4lgo5So5dtw+f0JgJX30KCNI8gwhz2J9A15wD0Ml6tjHKwf6fTSa6fAdVBdZeNOs9eJ71qCk8vA=="
    },
    "split-on-first": {
      "version": "1.1.0",
      "resolved": "https://mirrors.tencent.com/npm/split-on-first/-/split-on-first-1.1.0.tgz",
      "integrity": "sha512-43ZssAJaMusuKWL8sKUBQXHWOpq8d6CfN/u1p4gUzfJkM05C8rxTmYrkIPTXapZpORA6LkkzcUulJ8FqA7Uudw=="
    },
    "stats.js": {
      "version": "0.17.0",
      "resolved": "https://mirrors.tencent.com/npm/stats.js/-/stats.js-0.17.0.tgz",
      "integrity": "sha1-scPcRtlEmLV4t/05hbgaznExzH0=",
      "dev": true
    },
    "strict-uri-encode": {
      "version": "2.0.0",
      "resolved": "https://mirrors.tencent.com/npm/strict-uri-encode/-/strict-uri-encode-2.0.0.tgz",
      "integrity": "sha1-ucczDHBChi9rFC3CdLvMWGbONUY="
    },
    "three": {
      "version": "0.127.0",
      "resolved": "https://mirrors.tencent.com/npm/three/-/three-0.127.0.tgz",
      "integrity": "sha512-wtgrn+mhYUbobxT7QN3GPdu3SRpSBQvwY6uOzLChWS7QE//f7paDU/+wlzbg+ngeIvBBqjBHSRuywTh8A99Jng=="
    },
    "tslib": {
      "version": "1.14.1",
      "resolved": "https://mirrors.tencent.com/npm/tslib/-/tslib-1.14.1.tgz",
      "integrity": "sha512-Xni35NKzjgMrwevysHTCArtLDpPvye8zV/0E4EyYn43P7/7qvQwPh9BGkHewbMulVntbigmcT7rdX3BNo9wRJg==",
      "dev": true
    },
    "tween.js": {
      "version": "16.6.0",
      "resolved": "https://mirrors.tencent.com/npm/tween.js/-/tween.js-16.6.0.tgz",
      "integrity": "sha1-c5EEyTNsxPEe5T+c587eUeZyNiQ="
    },
    "upper-case": {
      "version": "2.0.2",
      "resolved": "https://mirrors.tencent.com/npm/upper-case/-/upper-case-2.0.2.tgz",
      "integrity": "sha512-KgdgDGJt2TpuwBUIjgG6lzw2GWFRCW9Qkfkiv0DxqHHLYJHmtmdUIKcZd8rHgFSjopVTlw6ggzCm1b8MFQwikg==",
      "dev": true,
      "requires": {
        "tslib": "^2.0.3"
      },
      "dependencies": {
        "tslib": {
          "version": "2.3.1",
          "resolved": "https://mirrors.tencent.com/npm/tslib/-/tslib-2.3.1.tgz",
          "integrity": "sha512-77EbyPPpMz+FRFRuAFlWMtmgUWGe9UOG2Z25NqCwiIjRhOf5iKGuzSe5P2w1laq+FkRy4p+PCuVkJSGkzTEKVw==",
          "dev": true
        }
      }
    },
    "upper-case-first": {
      "version": "2.0.2",
      "resolved": "https://mirrors.tencent.com/npm/upper-case-first/-/upper-case-first-2.0.2.tgz",
      "integrity": "sha512-514ppYHBaKwfJRK/pNC6c/OxfGa0obSnAl106u97Ed0I625Nin96KAjttZF6ZL3e1XLtphxnqrOi9iWgm+u+bg==",
      "dev": true,
      "requires": {
        "tslib": "^2.0.3"
      },
      "dependencies": {
        "tslib": {
          "version": "2.3.1",
          "resolved": "https://mirrors.tencent.com/npm/tslib/-/tslib-2.3.1.tgz",
          "integrity": "sha512-77EbyPPpMz+FRFRuAFlWMtmgUWGe9UOG2Z25NqCwiIjRhOf5iKGuzSe5P2w1laq+FkRy4p+PCuVkJSGkzTEKVw==",
          "dev": true
        }
      }
    },
    "vant": {
      "version": "3.2.4",
      "resolved": "https://mirrors.tencent.com/npm/vant/-/vant-3.2.4.tgz",
      "integrity": "sha512-UtHPfKfF/nX/CoIDQzl8cGXcppdwISC2ylELgH+f2guljRtxCu0sKdSWccQA/A24HDswK8uQ4aVeMQ20ie3C9w==",
      "requires": {
        "@vant/icons": "^1.7.1",
        "@vant/lazyload": "^1.3.0",
        "@vant/popperjs": "^1.1.0",
        "@vant/use": "^1.3.1"
      }
    },
    "vite": {
      "version": "2.5.10",
      "resolved": "https://mirrors.tencent.com/npm/vite/-/vite-2.5.10.tgz",
      "integrity": "sha512-0ObiHTi5AHyXdJcvZ67HMsDgVpjT5RehvVKv6+Q0jFZ7zDI28PF5zK9mYz2avxdA+4iJMdwCz6wnGNnn4WX5Gg==",
      "dev": true,
      "requires": {
        "esbuild": "^0.12.17",
        "fsevents": "~2.3.2",
        "postcss": "^8.3.6",
        "resolve": "^1.20.0",
        "rollup": "^2.38.5"
      }
    },
    "vite-plugin-style-import": {
      "version": "1.2.1",
      "resolved": "https://mirrors.tencent.com/npm/vite-plugin-style-import/-/vite-plugin-style-import-1.2.1.tgz",
      "integrity": "sha512-N3qH4K/FE9GPs40k1bREEdBqKkAhjQUeLBNDWzDVFpKJ204unjUpJkGjRv6FA0c+uaZZCHwEQRUMKULtZW3kCw==",
      "dev": true,
      "requires": {
        "@rollup/pluginutils": "^4.1.1",
        "change-case": "^4.1.2",
        "debug": "^4.3.2",
        "es-module-lexer": "^0.7.1",
        "magic-string": "^0.25.7"
      }
    },
    "vue": {
      "version": "3.2.19",
      "resolved": "https://mirrors.tencent.com/npm/vue/-/vue-3.2.19.tgz",
      "integrity": "sha512-6KAMdIfAtlK+qohTIUE4urwAv4A3YRuo8uAbByApUmiB0CziGAAPs6qVugN6oHPia8YIafHB/37K0O6KZ7sGmA==",
      "requires": {
        "@vue/compiler-dom": "3.2.19",
        "@vue/compiler-sfc": "3.2.19",
        "@vue/runtime-dom": "3.2.19",
        "@vue/server-renderer": "3.2.19",
        "@vue/shared": "3.2.19"
      }
    },
    "vue-eslint-parser": {
      "version": "7.11.0",
      "resolved": "https://mirrors.tencent.com/npm/vue-eslint-parser/-/vue-eslint-parser-7.11.0.tgz",
      "integrity": "sha512-qh3VhDLeh773wjgNTl7ss0VejY9bMMa0GoDG2fQVyDzRFdiU3L7fw74tWZDHNQXdZqxO3EveQroa9ct39D2nqg==",
      "dev": true,
      "requires": {
        "debug": "^4.1.1",
        "eslint-scope": "^5.1.1",
        "eslint-visitor-keys": "^1.1.0",
        "espree": "^6.2.1",
        "esquery": "^1.4.0",
        "lodash": "^4.17.21",
        "semver": "^6.3.0"
      }
    }
  }
}
